// !$*UTF8*$!
{
	archiveVersion = 1;
	classes = {
	};
	objectVersion = 77;
	objects = {

/* Begin PBXBuildFile section */
		03D030042B8C230428E13BF8 /* QuickPlatform in Frameworks */ = {isa = PBXBuildFile; productRef = EB1FAFFF92FB2D709E88377F /* QuickPlatform */; };
		0CD8D28B58AEE042E22B17AC /* PluginTimestampConverter in Frameworks */ = {isa = PBXBuildFile; productRef = 48089A1880F9BC5977EFE119 /* PluginTimestampConverter */; };
		277B92A1F7D8BA105B19055E /* PluginCalculator in Frameworks */ = {isa = PBXBuildFile; productRef = 892814393E695508914504C9 /* PluginCalculator */; };
		3676FE53B9F956034A0220F9 /* AppCore.swift in Sources */ = {isa = PBXBuildFile; fileRef = A7873A36EB616CB4FE27F295 /* AppCore.swift */; };
		386A524CDDBEBC88969870AE /* PluginColorCompare in Frameworks */ = {isa = PBXBuildFile; productRef = 0051A1A787E875EA7BE5A614 /* PluginColorCompare */; };
		39BF304AD2D01B87D3F7834C /* PluginFileSearch in Frameworks */ = {isa = PBXBuildFile; productRef = 1B94608C8CFE671C17CCDBC7 /* PluginFileSearch */; };
		417799EEF90D61AF8F7AF754 /* PluginKillProcess in Frameworks */ = {isa = PBXBuildFile; productRef = 6265A8A2D1FC70626C2DACA6 /* PluginKillProcess */; };
		43E6D248378B141C8E7591D4 /* PluginNetworkTools in Frameworks */ = {isa = PBXBuildFile; productRef = 7E26B93AF39A58B145948CCE /* PluginNetworkTools */; };
		49EB2F798FEA1E3DE5047D99 /* PluginMarkdownPreview in Frameworks */ = {isa = PBXBuildFile; productRef = 6CD2506177A0FE1A48FB4D96 /* PluginMarkdownPreview */; };
		4B431AEF9D4BE531431145DB /* Assets.xcassets in Resources */ = {isa = PBXBuildFile; fileRef = 4AD2A44C727483F56A0A316D /* Assets.xcassets */; };
		4FB5C899DD337B31D55F59DE /* PluginClipboard in Frameworks */ = {isa = PBXBuildFile; productRef = 967C96E3F4CC521690436415 /* PluginClipboard */; };
		52363DE2F513149A6038375A /* QuickUI in Frameworks */ = {isa = PBXBuildFile; productRef = 783AEBF3F1FAE829DCAFC004 /* QuickUI */; };
		53A985DAB5B69501293E3EC9 /* PluginLauncher in Frameworks */ = {isa = PBXBuildFile; productRef = 101707495A6AF30BDD48497F /* PluginLauncher */; };
		5BD9CB4EF1094389D50EC0AB /* PluginURLCodec in Frameworks */ = {isa = PBXBuildFile; productRef = F60EBFA34FFC8FDDF0CB8678 /* PluginURLCodec */; };
		76B868B658D790B18C10FC2C /* PluginSQLFormatter in Frameworks */ = {isa = PBXBuildFile; productRef = 1FFF450730B0758258EE887F /* PluginSQLFormatter */; };
		86A89A47B2880D49A08EBBBC /* PluginTranslator in Frameworks */ = {isa = PBXBuildFile; productRef = CA41B567971AB8CE0445F5C7 /* PluginTranslator */; };
		89E1DEDD952C64C3242D5385 /* PluginHashCalculator in Frameworks */ = {isa = PBXBuildFile; productRef = 0F74B10CDA2C6AF373813DB4 /* PluginHashCalculator */; };
		947ED1B4A3109AF5B63E3E83 /* AppIcon.icon in Resources */ = {isa = PBXBuildFile; fileRef = 5894ED469482915CE3F1ED6A /* AppIcon.icon */; };
		95C2CAFCA62640B6BB7D9474 /* PluginAI in Frameworks */ = {isa = PBXBuildFile; productRef = A55EC642F7A5A977D30FB60D /* PluginAI */; };
		976D65BF3CF0BC30CD60BF64 /* PluginUUIDGenerator in Frameworks */ = {isa = PBXBuildFile; productRef = 2AF1D69FA23DA7FFF37FAA7E /* PluginUUIDGenerator */; };
		99C17420548B0EF4F181ECCA /* QuickCore in Frameworks */ = {isa = PBXBuildFile; productRef = 5DB0A80DC50B7C3B8F6D1DAF /* QuickCore */; };
		9CDA49E78015385EA9615AE5 /* QuickApp.swift in Sources */ = {isa = PBXBuildFile; fileRef = 1701F76E22B29388E212E6DA /* QuickApp.swift */; };
		A3F5185C4E5024554087DADF /* PluginOCR in Frameworks */ = {isa = PBXBuildFile; productRef = 8F56EC8E050625C22BC8D67D /* PluginOCR */; };
		A5F5BA05FBA565DA840A590D /* StatusItemController.swift in Sources */ = {isa = PBXBuildFile; fileRef = E484AF5FA72820B4FC0B5D35 /* StatusItemController.swift */; };
		BA5058D145F68F4B1230A9D6 /* PluginScreenshot in Frameworks */ = {isa = PBXBuildFile; productRef = 94AAA82063614DB0D0F9D16A /* PluginScreenshot */; };
		C168ED1A3E5CA36E9E363842 /* PluginJSONFormatter in Frameworks */ = {isa = PBXBuildFile; productRef = 2E35DDAF3712336ED4C40854 /* PluginJSONFormatter */; };
		C38D384C5CD7A8F76F831F71 /* PluginBase64Codec in Frameworks */ = {isa = PBXBuildFile; productRef = 8EBC8865C1DE63B00ECE5D14 /* PluginBase64Codec */; };
		CDCBFE06CE05C92920350DC7 /* PluginNotes in Frameworks */ = {isa = PBXBuildFile; productRef = 0158B63D69632B31FBFE46A0 /* PluginNotes */; };
		D94821D4837449038E038DB6 /* PluginSystemMonitor in Frameworks */ = {isa = PBXBuildFile; productRef = 730276E735A178193257030B /* PluginSystemMonitor */; };
		DB8A9B8692F4BE8F23B18966 /* PluginSnippets in Frameworks */ = {isa = PBXBuildFile; productRef = E01449FAF7BA101578F06AF4 /* PluginSnippets */; };
		DE7F122FCEC7A48CA773BCBD /* PluginCalendar in Frameworks */ = {isa = PBXBuildFile; productRef = 14C604C793BB19FA72FF5B6D /* PluginCalendar */; };
		EF95AA346256E7B62E83D0E6 /* PluginTextDiff in Frameworks */ = {isa = PBXBuildFile; productRef = D67A514737047D5B9925EA48 /* PluginTextDiff */; };
		F0B2B20789BECF98048405E3 /* AppDelegate.swift in Sources */ = {isa = PBXBuildFile; fileRef = 6253BE55917823E5C48BF0A6 /* AppDelegate.swift */; };
		F1453649AD3331E4B9612090 /* PluginSystemControl in Frameworks */ = {isa = PBXBuildFile; productRef = F6EF76EEC6647C0CF9D9325A /* PluginSystemControl */; };
/* End PBXBuildFile section */

/* Begin PBXFileReference section */
		00A1B58BBD8B3D2B436F3C38 /* PluginCalculator */ = {isa = PBXFileReference; lastKnownFileType = folder; name = PluginCalculator; path = Packages/PluginCalculator; sourceTree = SOURCE_ROOT; };
		069995C27ED0207684ACBC39 /* PluginOCR */ = {isa = PBXFileReference; lastKnownFileType = folder; name = PluginOCR; path = Packages/PluginOCR; sourceTree = SOURCE_ROOT; };
		09526C0009FCB6C64F053D41 /* QuickCore */ = {isa = PBXFileReference; lastKnownFileType = folder; name = QuickCore; path = Packages/QuickCore; sourceTree = SOURCE_ROOT; };
		1701F76E22B29388E212E6DA /* QuickApp.swift */ = {isa = PBXFileReference; lastKnownFileType = sourcecode.swift; path = QuickApp.swift; sourceTree = "<group>"; };
		1CDBE955E3F9746443CAE91B /* PluginTimestampConverter */ = {isa = PBXFileReference; lastKnownFileType = folder; name = PluginTimestampConverter; path = Packages/PluginTimestampConverter; sourceTree = SOURCE_ROOT; };
		29D3223EB25304FC1C719BA9 /* Quick.entitlements */ = {isa = PBXFileReference; lastKnownFileType = text.plist.entitlements; path = Quick.entitlements; sourceTree = "<group>"; };
		30DB45D42029B1ACBCF80170 /* PluginMarkdownPreview */ = {isa = PBXFileReference; lastKnownFileType = folder; name = PluginMarkdownPreview; path = Packages/PluginMarkdownPreview; sourceTree = SOURCE_ROOT; };
		341B7D52174464D3E6F210BA /* PluginScreenshot */ = {isa = PBXFileReference; lastKnownFileType = folder; name = PluginScreenshot; path = Packages/PluginScreenshot; sourceTree = SOURCE_ROOT; };
		3A0528521CC2D2EE454DB2B2 /* PluginJSONFormatter */ = {isa = PBXFileReference; lastKnownFileType = folder; name = PluginJSONFormatter; path = Packages/PluginJSONFormatter; sourceTree = SOURCE_ROOT; };
		3A1E8D41A9C09C7D9E73CCCD /* PluginSystemControl */ = {isa = PBXFileReference; lastKnownFileType = folder; name = PluginSystemControl; path = Packages/PluginSystemControl; sourceTree = SOURCE_ROOT; };
		411482A21BFC85FD3CC7696C /* PluginAI */ = {isa = PBXFileReference; lastKnownFileType = folder; name = PluginAI; path = Packages/PluginAI; sourceTree = SOURCE_ROOT; };
		4AD2A44C727483F56A0A316D /* Assets.xcassets */ = {isa = PBXFileReference; lastKnownFileType = folder.assetcatalog; path = Assets.xcassets; sourceTree = "<group>"; };
		4D3CC3B2ADFA1A143C8B30B1 /* PluginColorCompare */ = {isa = PBXFileReference; lastKnownFileType = folder; name = PluginColorCompare; path = Packages/PluginColorCompare; sourceTree = SOURCE_ROOT; };
		4F7A9C41ED7ADB3B1DE26A45 /* PluginLauncher */ = {isa = PBXFileReference; lastKnownFileType = folder; name = PluginLauncher; path = Packages/PluginLauncher; sourceTree = SOURCE_ROOT; };
		55801C1D7B74B8E7FC29368A /* PluginCalendar */ = {isa = PBXFileReference; lastKnownFileType = folder; name = PluginCalendar; path = Packages/PluginCalendar; sourceTree = SOURCE_ROOT; };
		5894ED469482915CE3F1ED6A /* AppIcon.icon */ = {isa = PBXFileReference; lastKnownFileType = wrapper.icon; path = AppIcon.icon; sourceTree = "<group>"; };
		6253BE55917823E5C48BF0A6 /* AppDelegate.swift */ = {isa = PBXFileReference; lastKnownFileType = sourcecode.swift; path = AppDelegate.swift; sourceTree = "<group>"; };
		676A3B0A6598E5EE41B88946 /* PluginKillProcess */ = {isa = PBXFileReference; lastKnownFileType = folder; name = PluginKillProcess; path = Packages/PluginKillProcess; sourceTree = SOURCE_ROOT; };
		6D26A8E50B14854E2636B3B6 /* PluginTextDiff */ = {isa = PBXFileReference; lastKnownFileType = folder; name = PluginTextDiff; path = Packages/PluginTextDiff; sourceTree = SOURCE_ROOT; };
		79275F0D51498BD4793203D7 /* PluginSystemMonitor */ = {isa = PBXFileReference; lastKnownFileType = folder; name = PluginSystemMonitor; path = Packages/PluginSystemMonitor; sourceTree = SOURCE_ROOT; };
		7F354F9D3878CF7F2A0B8F68 /* PluginTranslator */ = {isa = PBXFileReference; lastKnownFileType = folder; name = PluginTranslator; path = Packages/PluginTranslator; sourceTree = SOURCE_ROOT; };
		815E7C080A517F26BC34F2F7 /* QuickUI */ = {isa = PBXFileReference; lastKnownFileType = folder; name = QuickUI; path = Packages/QuickUI; sourceTree = SOURCE_ROOT; };
		84C6DDB5084BAABFA569E71D /* Quick.app */ = {isa = PBXFileReference; explicitFileType = wrapper.application; includeInIndex = 0; path = Quick.app; sourceTree = BUILT_PRODUCTS_DIR; };
		859C9D9B672D640CC22809EF /* QuickPlatform */ = {isa = PBXFileReference; lastKnownFileType = folder; name = QuickPlatform; path = Packages/QuickPlatform; sourceTree = SOURCE_ROOT; };
		885C95C97CFC23FD83D482C7 /* PluginClipboard */ = {isa = PBXFileReference; lastKnownFileType = folder; name = PluginClipboard; path = Packages/PluginClipboard; sourceTree = SOURCE_ROOT; };
		A11F20BEC5F97F5EC79606AC /* PluginUUIDGenerator */ = {isa = PBXFileReference; lastKnownFileType = folder; name = PluginUUIDGenerator; path = Packages/PluginUUIDGenerator; sourceTree = SOURCE_ROOT; };
		A336738EEED8ECCEAF064C6D /* PluginHashCalculator */ = {isa = PBXFileReference; lastKnownFileType = folder; name = PluginHashCalculator; path = Packages/PluginHashCalculator; sourceTree = SOURCE_ROOT; };
		A7873A36EB616CB4FE27F295 /* AppCore.swift */ = {isa = PBXFileReference; lastKnownFileType = sourcecode.swift; path = AppCore.swift; sourceTree = "<group>"; };
		BFEB3A087185F195EDE752D1 /* PluginSnippets */ = {isa = PBXFileReference; lastKnownFileType = folder; name = PluginSnippets; path = Packages/PluginSnippets; sourceTree = SOURCE_ROOT; };
		C756B0BA63E770C910A9E89B /* PluginBase64Codec */ = {isa = PBXFileReference; lastKnownFileType = folder; name = PluginBase64Codec; path = Packages/PluginBase64Codec; sourceTree = SOURCE_ROOT; };
		D60904D89F651A9B0D05FF07 /* PluginURLCodec */ = {isa = PBXFileReference; lastKnownFileType = folder; name = PluginURLCodec; path = Packages/PluginURLCodec; sourceTree = SOURCE_ROOT; };
		DAE083F8C32E921D91600BCF /* PluginNetworkTools */ = {isa = PBXFileReference; lastKnownFileType = folder; name = PluginNetworkTools; path = Packages/PluginNetworkTools; sourceTree = SOURCE_ROOT; };
		E484AF5FA72820B4FC0B5D35 /* StatusItemController.swift */ = {isa = PBXFileReference; lastKnownFileType = sourcecode.swift; path = StatusItemController.swift; sourceTree = "<group>"; };
		ECC0C21D103D53478067559C /* PluginNotes */ = {isa = PBXFileReference; lastKnownFileType = folder; name = PluginNotes; path = Packages/PluginNotes; sourceTree = SOURCE_ROOT; };
		F597EC369E2F2D2F52684F76 /* PluginFileSearch */ = {isa = PBXFileReference; lastKnownFileType = folder; name = PluginFileSearch; path = Packages/PluginFileSearch; sourceTree = SOURCE_ROOT; };
		FA9D9302DC1D059B78C0F406 /* PluginSQLFormatter */ = {isa = PBXFileReference; lastKnownFileType = folder; name = PluginSQLFormatter; path = Packages/PluginSQLFormatter; sourceTree = SOURCE_ROOT; };
		FE2289C2B74C6E51D568A553 /* Info.plist */ = {isa = PBXFileReference; lastKnownFileType = text.plist; path = Info.plist; sourceTree = "<group>"; };
/* End PBXFileReference section */

/* Begin PBXFrameworksBuildPhase section */
		BB1DCF24B1C08A12461CAABB /* Frameworks */ = {
			isa = PBXFrameworksBuildPhase;
			buildActionMask = 2147483647;
			files = (
				99C17420548B0EF4F181ECCA /* QuickCore in Frameworks */,
				52363DE2F513149A6038375A /* QuickUI in Frameworks */,
				03D030042B8C230428E13BF8 /* QuickPlatform in Frameworks */,
				53A985DAB5B69501293E3EC9 /* PluginLauncher in Frameworks */,
				4FB5C899DD337B31D55F59DE /* PluginClipboard in Frameworks */,
				277B92A1F7D8BA105B19055E /* PluginCalculator in Frameworks */,
				F1453649AD3331E4B9612090 /* PluginSystemControl in Frameworks */,
				39BF304AD2D01B87D3F7834C /* PluginFileSearch in Frameworks */,
				DB8A9B8692F4BE8F23B18966 /* PluginSnippets in Frameworks */,
				A3F5185C4E5024554087DADF /* PluginOCR in Frameworks */,
				86A89A47B2880D49A08EBBBC /* PluginTranslator in Frameworks */,
				DE7F122FCEC7A48CA773BCBD /* PluginCalendar in Frameworks */,
				CDCBFE06CE05C92920350DC7 /* PluginNotes in Frameworks */,
				95C2CAFCA62640B6BB7D9474 /* PluginAI in Frameworks */,
				D94821D4837449038E038DB6 /* PluginSystemMonitor in Frameworks */,
				417799EEF90D61AF8F7AF754 /* PluginKillProcess in Frameworks */,
				43E6D248378B141C8E7591D4 /* PluginNetworkTools in Frameworks */,
				BA5058D145F68F4B1230A9D6 /* PluginScreenshot in Frameworks */,
				C168ED1A3E5CA36E9E363842 /* PluginJSONFormatter in Frameworks */,
				76B868B658D790B18C10FC2C /* PluginSQLFormatter in Frameworks */,
				C38D384C5CD7A8F76F831F71 /* PluginBase64Codec in Frameworks */,
				5BD9CB4EF1094389D50EC0AB /* PluginURLCodec in Frameworks */,
				976D65BF3CF0BC30CD60BF64 /* PluginUUIDGenerator in Frameworks */,
				89E1DEDD952C64C3242D5385 /* PluginHashCalculator in Frameworks */,
				0CD8D28B58AEE042E22B17AC /* PluginTimestampConverter in Frameworks */,
				EF95AA346256E7B62E83D0E6 /* PluginTextDiff in Frameworks */,
				386A524CDDBEBC88969870AE /* PluginColorCompare in Frameworks */,
				49EB2F798FEA1E3DE5047D99 /* PluginMarkdownPreview in Frameworks */,
			);
			runOnlyForDeploymentPostprocessing = 0;
		};
/* End PBXFrameworksBuildPhase section */

/* Begin PBXGroup section */
		00A5C497509B3E074CC64DB5 = {
			isa = PBXGroup;
			children = (
				5DC7B04B4CE032600AA9A8FD /* Packages */,
				2F2019CD313A798A4396E4EA /* Quick */,
				E313DDD0BA3E2D05E0F56BDE /* Products */,
			);
			sourceTree = "<group>";
		};
		2F2019CD313A798A4396E4EA /* Quick */ = {
			isa = PBXGroup;
			children = (
				A7873A36EB616CB4FE27F295 /* AppCore.swift */,
				6253BE55917823E5C48BF0A6 /* AppDelegate.swift */,
				5894ED469482915CE3F1ED6A /* AppIcon.icon */,
				4AD2A44C727483F56A0A316D /* Assets.xcassets */,
				29D3223EB25304FC1C719BA9 /* Quick.entitlements */,
				1701F76E22B29388E212E6DA /* QuickApp.swift */,
				E484AF5FA72820B4FC0B5D35 /* StatusItemController.swift */,
				7BB92E5F9C0104DB071DFF81 /* Resources */,
			);
			path = Quick;
			sourceTree = "<group>";
		};
		5DC7B04B4CE032600AA9A8FD /* Packages */ = {
			isa = PBXGroup;
			children = (
				411482A21BFC85FD3CC7696C /* PluginAI */,
				C756B0BA63E770C910A9E89B /* PluginBase64Codec */,
				00A1B58BBD8B3D2B436F3C38 /* PluginCalculator */,
				55801C1D7B74B8E7FC29368A /* PluginCalendar */,
				885C95C97CFC23FD83D482C7 /* PluginClipboard */,
				4D3CC3B2ADFA1A143C8B30B1 /* PluginColorCompare */,
				F597EC369E2F2D2F52684F76 /* PluginFileSearch */,
				A336738EEED8ECCEAF064C6D /* PluginHashCalculator */,
				3A0528521CC2D2EE454DB2B2 /* PluginJSONFormatter */,
				676A3B0A6598E5EE41B88946 /* PluginKillProcess */,
				4F7A9C41ED7ADB3B1DE26A45 /* PluginLauncher */,
				30DB45D42029B1ACBCF80170 /* PluginMarkdownPreview */,
				DAE083F8C32E921D91600BCF /* PluginNetworkTools */,
				ECC0C21D103D53478067559C /* PluginNotes */,
				069995C27ED0207684ACBC39 /* PluginOCR */,
				341B7D52174464D3E6F210BA /* PluginScreenshot */,
				BFEB3A087185F195EDE752D1 /* PluginSnippets */,
				FA9D9302DC1D059B78C0F406 /* PluginSQLFormatter */,
				3A1E8D41A9C09C7D9E73CCCD /* PluginSystemControl */,
				79275F0D51498BD4793203D7 /* PluginSystemMonitor */,
				6D26A8E50B14854E2636B3B6 /* PluginTextDiff */,
				1CDBE955E3F9746443CAE91B /* PluginTimestampConverter */,
				7F354F9D3878CF7F2A0B8F68 /* PluginTranslator */,
				D60904D89F651A9B0D05FF07 /* PluginURLCodec */,
				A11F20BEC5F97F5EC79606AC /* PluginUUIDGenerator */,
				09526C0009FCB6C64F053D41 /* QuickCore */,
				859C9D9B672D640CC22809EF /* QuickPlatform */,
				815E7C080A517F26BC34F2F7 /* QuickUI */,
			);
			path = Packages;
			sourceTree = "<group>";
		};
		7BB92E5F9C0104DB071DFF81 /* Resources */ = {
			isa = PBXGroup;
			children = (
				FE2289C2B74C6E51D568A553 /* Info.plist */,
			);
			path = Resources;
			sourceTree = "<group>";
		};
		E313DDD0BA3E2D05E0F56BDE /* Products */ = {
			isa = PBXGroup;
			children = (
				84C6DDB5084BAABFA569E71D /* Quick.app */,
			);
			name = Products;
			sourceTree = "<group>";
		};
/* End PBXGroup section */

/* Begin PBXNativeTarget section */
		B237EB8A317339159C2A6828 /* Quick */ = {
			isa = PBXNativeTarget;
			buildConfigurationList = 1FD9BE09A8168EA5577BF574 /* Build configuration list for PBXNativeTarget "Quick" */;
			buildPhases = (
				4D962CAFE1FF329EFCA45B3E /* Sources */,
				EA1EA76BF94768F60DFAEBD0 /* Resources */,
				BB1DCF24B1C08A12461CAABB /* Frameworks */,
			);
			buildRules = (
			);
			dependencies = (
			);
			name = Quick;
			packageProductDependencies = (
				5DB0A80DC50B7C3B8F6D1DAF /* QuickCore */,
				783AEBF3F1FAE829DCAFC004 /* QuickUI */,
				EB1FAFFF92FB2D709E88377F /* QuickPlatform */,
				101707495A6AF30BDD48497F /* PluginLauncher */,
				967C96E3F4CC521690436415 /* PluginClipboard */,
				892814393E695508914504C9 /* PluginCalculator */,
				F6EF76EEC6647C0CF9D9325A /* PluginSystemControl */,
				1B94608C8CFE671C17CCDBC7 /* PluginFileSearch */,
				E01449FAF7BA101578F06AF4 /* PluginSnippets */,
				8F56EC8E050625C22BC8D67D /* PluginOCR */,
				CA41B567971AB8CE0445F5C7 /* PluginTranslator */,
				14C604C793BB19FA72FF5B6D /* PluginCalendar */,
				0158B63D69632B31FBFE46A0 /* PluginNotes */,
				A55EC642F7A5A977D30FB60D /* PluginAI */,
				730276E735A178193257030B /* PluginSystemMonitor */,
				6265A8A2D1FC70626C2DACA6 /* PluginKillProcess */,
				7E26B93AF39A58B145948CCE /* PluginNetworkTools */,
				94AAA82063614DB0D0F9D16A /* PluginScreenshot */,
				2E35DDAF3712336ED4C40854 /* PluginJSONFormatter */,
				1FFF450730B0758258EE887F /* PluginSQLFormatter */,
				8EBC8865C1DE63B00ECE5D14 /* PluginBase64Codec */,
				F60EBFA34FFC8FDDF0CB8678 /* PluginURLCodec */,
				2AF1D69FA23DA7FFF37FAA7E /* PluginUUIDGenerator */,
				0F74B10CDA2C6AF373813DB4 /* PluginHashCalculator */,
				48089A1880F9BC5977EFE119 /* PluginTimestampConverter */,
				D67A514737047D5B9925EA48 /* PluginTextDiff */,
				0051A1A787E875EA7BE5A614 /* PluginColorCompare */,
				6CD2506177A0FE1A48FB4D96 /* PluginMarkdownPreview */,
			);
			productName = Quick;
			productReference = 84C6DDB5084BAABFA569E71D /* Quick.app */;
			productType = "com.apple.product-type.application";
		};
/* End PBXNativeTarget section */

/* Begin PBXProject section */
		035C940917D197A3E5C17191 /* Project object */ = {
			isa = PBXProject;
			attributes = {
				BuildIndependentTargetsInParallel = YES;
				LastUpgradeCheck = 1600;
				TargetAttributes = {
					B237EB8A317339159C2A6828 = {
						DevelopmentTeam = "";
						ProvisioningStyle = Manual;
					};
				};
			};
			buildConfigurationList = BC4D1AE671EE6602A019D6BE /* Build configuration list for PBXProject "Quick" */;
			developmentRegion = en;
			hasScannedForEncodings = 0;
			knownRegions = (
				Base,
				en,
			);
			mainGroup = 00A5C497509B3E074CC64DB5;
			minimizedProjectReferenceProxies = 1;
			packageReferences = (
				4109C120192A12214C8CC23A /* XCLocalSwiftPackageReference "Packages/PluginAI" */,
				94C27056C190996C20F24405 /* XCLocalSwiftPackageReference "Packages/PluginBase64Codec" */,
				C7A18CB8FEE77FB273FB9DA8 /* XCLocalSwiftPackageReference "Packages/PluginCalculator" */,
				9C06C1F1E120954ECC50CFE8 /* XCLocalSwiftPackageReference "Packages/PluginCalendar" */,
				802CCF29C3403E755DE8A55E /* XCLocalSwiftPackageReference "Packages/PluginClipboard" */,
				FB6A266D9B8E48339AD35B3F /* XCLocalSwiftPackageReference "Packages/PluginColorCompare" */,
				9AA7FBDED908A6CF4EAF317B /* XCLocalSwiftPackageReference "Packages/PluginFileSearch" */,
				17382907570F01BCCC1E0A9A /* XCLocalSwiftPackageReference "Packages/PluginHashCalculator" */,
				AF2C6E4FE25265075B5E78F0 /* XCLocalSwiftPackageReference "Packages/PluginJSONFormatter" */,
				C63FF3099BD8A9E65C95A8CA /* XCLocalSwiftPackageReference "Packages/PluginKillProcess" */,
				5BB3BD7C6A84770F24989247 /* XCLocalSwiftPackageReference "Packages/PluginLauncher" */,
				5430B44D683E50D6ACD8C7B1 /* XCLocalSwiftPackageReference "Packages/PluginMarkdownPreview" */,
				C85CDD358764B6ECD54009D2 /* XCLocalSwiftPackageReference "Packages/PluginNetworkTools" */,
				4A94B2ED45B777990E88CC59 /* XCLocalSwiftPackageReference "Packages/PluginNotes" */,
				E5A5094E6A2612667FBC9FA8 /* XCLocalSwiftPackageReference "Packages/PluginOCR" */,
				9533A10EEF54CA229088666F /* XCLocalSwiftPackageReference "Packages/PluginSQLFormatter" */,
				9EB180A7BA38927174248A94 /* XCLocalSwiftPackageReference "Packages/PluginScreenshot" */,
				EEB589FAB59023A4A81C800A /* XCLocalSwiftPackageReference "Packages/PluginSnippets" */,
				1C9651E11EDF0B472AA2F6DE /* XCLocalSwiftPackageReference "Packages/PluginSystemControl" */,
				CE3B7FBB5698B3FDB380CCC8 /* XCLocalSwiftPackageReference "Packages/PluginSystemMonitor" */,
				C14B73F22D03664F702DB80C /* XCLocalSwiftPackageReference "Packages/PluginTextDiff" */,
				B1E9D87563AACD17980C1920 /* XCLocalSwiftPackageReference "Packages/PluginTimestampConverter" */,
				395ADE48902321953B6994DE /* XCLocalSwiftPackageReference "Packages/PluginTranslator" */,
				474B24DC2250622FCDE5C587 /* XCLocalSwiftPackageReference "Packages/PluginURLCodec" */,
				2A07841A3B3D4A9FB14C9FD4 /* XCLocalSwiftPackageReference "Packages/PluginUUIDGenerator" */,
				75D35DB3831942F6E0B178F1 /* XCLocalSwiftPackageReference "Packages/QuickCore" */,
				7B06A941256B96B3AE256285 /* XCLocalSwiftPackageReference "Packages/QuickPlatform" */,
				6A9170B1C6D924E06C1B6DAE /* XCLocalSwiftPackageReference "Packages/QuickUI" */,
			);
			preferredProjectObjectVersion = 77;
			productRefGroup = E313DDD0BA3E2D05E0F56BDE /* Products */;
			projectDirPath = "";
			projectRoot = "";
			targets = (
				B237EB8A317339159C2A6828 /* Quick */,
			);
		};
/* End PBXProject section */

/* Begin PBXResourcesBuildPhase section */
		EA1EA76BF94768F60DFAEBD0 /* Resources */ = {
			isa = PBXResourcesBuildPhase;
			buildActionMask = 2147483647;
			files = (
				947ED1B4A3109AF5B63E3E83 /* AppIcon.icon in Resources */,
				4B431AEF9D4BE531431145DB /* Assets.xcassets in Resources */,
			);
			runOnlyForDeploymentPostprocessing = 0;
		};
/* End PBXResourcesBuildPhase section */

/* Begin PBXSourcesBuildPhase section */
		4D962CAFE1FF329EFCA45B3E /* Sources */ = {
			isa = PBXSourcesBuildPhase;
			buildActionMask = 2147483647;
			files = (
				3676FE53B9F956034A0220F9 /* AppCore.swift in Sources */,
				F0B2B20789BECF98048405E3 /* AppDelegate.swift in Sources */,
				9CDA49E78015385EA9615AE5 /* QuickApp.swift in Sources */,
				A5F5BA05FBA565DA840A590D /* StatusItemController.swift in Sources */,
			);
			runOnlyForDeploymentPostprocessing = 0;
		};
/* End PBXSourcesBuildPhase section */

/* Begin XCBuildConfiguration section */
		097A619506C1F80CB5CC99D0 /* Debug */ = {
			isa = XCBuildConfiguration;
			buildSettings = {
				ALWAYS_SEARCH_USER_PATHS = NO;
				CLANG_ANALYZER_NONNULL = YES;
				CLANG_ANALYZER_NUMBER_OBJECT_CONVERSION = YES_AGGRESSIVE;
				CLANG_CXX_LANGUAGE_STANDARD = "gnu++14";
				CLANG_CXX_LIBRARY = "libc++";
				CLANG_ENABLE_MODULES = YES;
				CLANG_ENABLE_OBJC_ARC = YES;
				CLANG_ENABLE_OBJC_WEAK = YES;
				CLANG_WARN_BLOCK_CAPTURE_AUTORELEASING = YES;
				CLANG_WARN_BOOL_CONVERSION = YES;
				CLANG_WARN_COMMA = YES;
				CLANG_WARN_CONSTANT_CONVERSION = YES;
				CLANG_WARN_DEPRECATED_OBJC_IMPLEMENTATIONS = YES;
				CLANG_WARN_DIRECT_OBJC_ISA_USAGE = YES_ERROR;
				CLANG_WARN_DOCUMENTATION_COMMENTS = YES;
				CLANG_WARN_EMPTY_BODY = YES;
				CLANG_WARN_ENUM_CONVERSION = YES;
				CLANG_WARN_INFINITE_RECURSION = YES;
				CLANG_WARN_INT_CONVERSION = YES;
				CLANG_WARN_NON_LITERAL_NULL_CONVERSION = YES;
				CLANG_WARN_OBJC_IMPLICIT_RETAIN_SELF = YES;
				CLANG_WARN_OBJC_LITERAL_CONVERSION = YES;
				CLANG_WARN_OBJC_ROOT_CLASS = YES_ERROR;
				CLANG_WARN_QUOTED_INCLUDE_IN_FRAMEWORK_HEADER = YES;
				CLANG_WARN_RANGE_LOOP_ANALYSIS = YES;
				CLANG_WARN_STRICT_PROTOTYPES = YES;
				CLANG_WARN_SUSPICIOUS_MOVE = YES;
				CLANG_WARN_UNGUARDED_AVAILABILITY = YES_AGGRESSIVE;
				CLANG_WARN_UNREACHABLE_CODE = YES;
				CLANG_WARN__DUPLICATE_METHOD_MATCH = YES;
				COPY_PHASE_STRIP = NO;
				DEBUG_INFORMATION_FORMAT = dwarf;
				ENABLE_STRICT_OBJC_MSGSEND = YES;
				ENABLE_TESTABILITY = YES;
				ENABLE_USER_SCRIPT_SANDBOXING = YES;
				GCC_C_LANGUAGE_STANDARD = gnu11;
				GCC_DYNAMIC_NO_PIC = NO;
				GCC_NO_COMMON_BLOCKS = YES;
				GCC_OPTIMIZATION_LEVEL = 0;
				GCC_PREPROCESSOR_DEFINITIONS = (
					"$(inherited)",
					"DEBUG=1",
				);
				GCC_WARN_64_TO_32_BIT_CONVERSION = YES;
				GCC_WARN_ABOUT_RETURN_TYPE = YES_ERROR;
				GCC_WARN_UNDECLARED_SELECTOR = YES;
				GCC_WARN_UNINITIALIZED_AUTOS = YES_AGGRESSIVE;
				GCC_WARN_UNUSED_FUNCTION = YES;
				GCC_WARN_UNUSED_VARIABLE = YES;
				MACOSX_DEPLOYMENT_TARGET = 26.0;
				MTL_ENABLE_DEBUG_INFO = INCLUDE_SOURCE;
				MTL_FAST_MATH = YES;
				ONLY_ACTIVE_ARCH = YES;
				PRODUCT_NAME = "$(TARGET_NAME)";
				SDKROOT = macosx;
				SWIFT_ACTIVE_COMPILATION_CONDITIONS = DEBUG;
				SWIFT_OPTIMIZATION_LEVEL = "-Onone";
				SWIFT_STRICT_CONCURRENCY = complete;
				SWIFT_VERSION = 6.0;
			};
			name = Debug;
		};
		60D3ED9BC20160BB819484F9 /* Release */ = {
			isa = XCBuildConfiguration;
			buildSettings = {
				ALWAYS_SEARCH_USER_PATHS = NO;
				CLANG_ANALYZER_NONNULL = YES;
				CLANG_ANALYZER_NUMBER_OBJECT_CONVERSION = YES_AGGRESSIVE;
				CLANG_CXX_LANGUAGE_STANDARD = "gnu++14";
				CLANG_CXX_LIBRARY = "libc++";
				CLANG_ENABLE_MODULES = YES;
				CLANG_ENABLE_OBJC_ARC = YES;
				CLANG_ENABLE_OBJC_WEAK = YES;
				CLANG_WARN_BLOCK_CAPTURE_AUTORELEASING = YES;
				CLANG_WARN_BOOL_CONVERSION = YES;
				CLANG_WARN_COMMA = YES;
				CLANG_WARN_CONSTANT_CONVERSION = YES;
				CLANG_WARN_DEPRECATED_OBJC_IMPLEMENTATIONS = YES;
				CLANG_WARN_DIRECT_OBJC_ISA_USAGE = YES_ERROR;
				CLANG_WARN_DOCUMENTATION_COMMENTS = YES;
				CLANG_WARN_EMPTY_BODY = YES;
				CLANG_WARN_ENUM_CONVERSION = YES;
				CLANG_WARN_INFINITE_RECURSION = YES;
				CLANG_WARN_INT_CONVERSION = YES;
				CLANG_WARN_NON_LITERAL_NULL_CONVERSION = YES;
				CLANG_WARN_OBJC_IMPLICIT_RETAIN_SELF = YES;
				CLANG_WARN_OBJC_LITERAL_CONVERSION = YES;
				CLANG_WARN_OBJC_ROOT_CLASS = YES_ERROR;
				CLANG_WARN_QUOTED_INCLUDE_IN_FRAMEWORK_HEADER = YES;
				CLANG_WARN_RANGE_LOOP_ANALYSIS = YES;
				CLANG_WARN_STRICT_PROTOTYPES = YES;
				CLANG_WARN_SUSPICIOUS_MOVE = YES;
				CLANG_WARN_UNGUARDED_AVAILABILITY = YES_AGGRESSIVE;
				CLANG_WARN_UNREACHABLE_CODE = YES;
				CLANG_WARN__DUPLICATE_METHOD_MATCH = YES;
				COPY_PHASE_STRIP = NO;
				DEBUG_INFORMATION_FORMAT = "dwarf-with-dsym";
				ENABLE_NS_ASSERTIONS = NO;
				ENABLE_STRICT_OBJC_MSGSEND = YES;
				ENABLE_USER_SCRIPT_SANDBOXING = YES;
				GCC_C_LANGUAGE_STANDARD = gnu11;
				GCC_NO_COMMON_BLOCKS = YES;
				GCC_WARN_64_TO_32_BIT_CONVERSION = YES;
				GCC_WARN_ABOUT_RETURN_TYPE = YES_ERROR;
				GCC_WARN_UNDECLARED_SELECTOR = YES;
				GCC_WARN_UNINITIALIZED_AUTOS = YES_AGGRESSIVE;
				GCC_WARN_UNUSED_FUNCTION = YES;
				GCC_WARN_UNUSED_VARIABLE = YES;
				MACOSX_DEPLOYMENT_TARGET = 26.0;
				MTL_ENABLE_DEBUG_INFO = NO;
				MTL_FAST_MATH = YES;
				PRODUCT_NAME = "$(TARGET_NAME)";
				SDKROOT = macosx;
				SWIFT_COMPILATION_MODE = wholemodule;
				SWIFT_OPTIMIZATION_LEVEL = "-O";
				SWIFT_STRICT_CONCURRENCY = complete;
				SWIFT_VERSION = 6.0;
			};
			name = Release;
		};
		BDD73C42543A23CB21B9B704 /* Debug */ = {
			isa = XCBuildConfiguration;
			buildSettings = {
				ASSETCATALOG_COMPILER_APPICON_NAME = AppIcon;
				CODE_SIGN_ENTITLEMENTS = Quick/Quick.entitlements;
				CODE_SIGN_IDENTITY = Quick;
				CODE_SIGN_STYLE = Manual;
				COMBINE_HIDPI_IMAGES = YES;
				DEVELOPMENT_TEAM = "";
				ENABLE_DEBUG_DYLIB = NO;
				GENERATE_INFOPLIST_FILE = NO;
				INFOPLIST_FILE = Quick/Resources/Info.plist;
				LD_RUNPATH_SEARCH_PATHS = "@executable_path/../Frameworks";
				PRODUCT_BUNDLE_IDENTIFIER = com.ixxxxoooo.quick.dev;
				PRODUCT_MODULE_NAME = Quick;
				PRODUCT_NAME = "Quick Dev";
				SDKROOT = macosx;
			};
			name = Debug;
		};
		FE2A03174207B9098CED1597 /* Release */ = {
			isa = XCBuildConfiguration;
			buildSettings = {
				ASSETCATALOG_COMPILER_APPICON_NAME = AppIcon;
				CODE_SIGN_ENTITLEMENTS = Quick/Quick.entitlements;
				CODE_SIGN_IDENTITY = Quick;
				CODE_SIGN_STYLE = Manual;
				COMBINE_HIDPI_IMAGES = YES;
				COPY_PHASE_STRIP = YES;
				DEPLOYMENT_POSTPROCESSING = YES;
				DEVELOPMENT_TEAM = "";
				GENERATE_INFOPLIST_FILE = NO;
				INFOPLIST_FILE = Quick/Resources/Info.plist;
				LD_RUNPATH_SEARCH_PATHS = "@executable_path/../Frameworks";
				PRODUCT_BUNDLE_IDENTIFIER = com.ixxxxoooo.quick;
				PRODUCT_MODULE_NAME = Quick;
				PRODUCT_NAME = Quick;
				SDKROOT = macosx;
				STRIP_INSTALLED_PRODUCT = YES;
			};
			name = Release;
		};
/* End XCBuildConfiguration section */

/* Begin XCConfigurationList section */
		1FD9BE09A8168EA5577BF574 /* Build configuration list for PBXNativeTarget "Quick" */ = {
			isa = XCConfigurationList;
			buildConfigurations = (
				BDD73C42543A23CB21B9B704 /* Debug */,
				FE2A03174207B9098CED1597 /* Release */,
			);
			defaultConfigurationIsVisible = 0;
			defaultConfigurationName = Debug;
		};
		BC4D1AE671EE6602A019D6BE /* Build configuration list for PBXProject "Quick" */ = {
			isa = XCConfigurationList;
			buildConfigurations = (
				097A619506C1F80CB5CC99D0 /* Debug */,
				60D3ED9BC20160BB819484F9 /* Release */,
			);
			defaultConfigurationIsVisible = 0;
			defaultConfigurationName = Debug;
		};
/* End XCConfigurationList section */

/* Begin XCLocalSwiftPackageReference section */
		17382907570F01BCCC1E0A9A /* XCLocalSwiftPackageReference "Packages/PluginHashCalculator" */ = {
			isa = XCLocalSwiftPackageReference;
			relativePath = Packages/PluginHashCalculator;
		};
		1C9651E11EDF0B472AA2F6DE /* XCLocalSwiftPackageReference "Packages/PluginSystemControl" */ = {
			isa = XCLocalSwiftPackageReference;
			relativePath = Packages/PluginSystemControl;
		};
		2A07841A3B3D4A9FB14C9FD4 /* XCLocalSwiftPackageReference "Packages/PluginUUIDGenerator" */ = {
			isa = XCLocalSwiftPackageReference;
			relativePath = Packages/PluginUUIDGenerator;
		};
		395ADE48902321953B6994DE /* XCLocalSwiftPackageReference "Packages/PluginTranslator" */ = {
			isa = XCLocalSwiftPackageReference;
			relativePath = Packages/PluginTranslator;
		};
		4109C120192A12214C8CC23A /* XCLocalSwiftPackageReference "Packages/PluginAI" */ = {
			isa = XCLocalSwiftPackageReference;
			relativePath = Packages/PluginAI;
		};
		474B24DC2250622FCDE5C587 /* XCLocalSwiftPackageReference "Packages/PluginURLCodec" */ = {
			isa = XCLocalSwiftPackageReference;
			relativePath = Packages/PluginURLCodec;
		};
		4A94B2ED45B777990E88CC59 /* XCLocalSwiftPackageReference "Packages/PluginNotes" */ = {
			isa = XCLocalSwiftPackageReference;
			relativePath = Packages/PluginNotes;
		};
		5430B44D683E50D6ACD8C7B1 /* XCLocalSwiftPackageReference "Packages/PluginMarkdownPreview" */ = {
			isa = XCLocalSwiftPackageReference;
			relativePath = Packages/PluginMarkdownPreview;
		};
		5BB3BD7C6A84770F24989247 /* XCLocalSwiftPackageReference "Packages/PluginLauncher" */ = {
			isa = XCLocalSwiftPackageReference;
			relativePath = Packages/PluginLauncher;
		};
		6A9170B1C6D924E06C1B6DAE /* XCLocalSwiftPackageReference "Packages/QuickUI" */ = {
			isa = XCLocalSwiftPackageReference;
			relativePath = Packages/QuickUI;
		};
		75D35DB3831942F6E0B178F1 /* XCLocalSwiftPackageReference "Packages/QuickCore" */ = {
			isa = XCLocalSwiftPackageReference;
			relativePath = Packages/QuickCore;
		};
		7B06A941256B96B3AE256285 /* XCLocalSwiftPackageReference "Packages/QuickPlatform" */ = {
			isa = XCLocalSwiftPackageReference;
			relativePath = Packages/QuickPlatform;
		};
		802CCF29C3403E755DE8A55E /* XCLocalSwiftPackageReference "Packages/PluginClipboard" */ = {
			isa = XCLocalSwiftPackageReference;
			relativePath = Packages/PluginClipboard;
		};
		94C27056C190996C20F24405 /* XCLocalSwiftPackageReference "Packages/PluginBase64Codec" */ = {
			isa = XCLocalSwiftPackageReference;
			relativePath = Packages/PluginBase64Codec;
		};
		9533A10EEF54CA229088666F /* XCLocalSwiftPackageReference "Packages/PluginSQLFormatter" */ = {
			isa = XCLocalSwiftPackageReference;
			relativePath = Packages/PluginSQLFormatter;
		};
		9AA7FBDED908A6CF4EAF317B /* XCLocalSwiftPackageReference "Packages/PluginFileSearch" */ = {
			isa = XCLocalSwiftPackageReference;
			relativePath = Packages/PluginFileSearch;
		};
		9C06C1F1E120954ECC50CFE8 /* XCLocalSwiftPackageReference "Packages/PluginCalendar" */ = {
			isa = XCLocalSwiftPackageReference;
			relativePath = Packages/PluginCalendar;
		};
		9EB180A7BA38927174248A94 /* XCLocalSwiftPackageReference "Packages/PluginScreenshot" */ = {
			isa = XCLocalSwiftPackageReference;
			relativePath = Packages/PluginScreenshot;
		};
		AF2C6E4FE25265075B5E78F0 /* XCLocalSwiftPackageReference "Packages/PluginJSONFormatter" */ = {
			isa = XCLocalSwiftPackageReference;
			relativePath = Packages/PluginJSONFormatter;
		};
		B1E9D87563AACD17980C1920 /* XCLocalSwiftPackageReference "Packages/PluginTimestampConverter" */ = {
			isa = XCLocalSwiftPackageReference;
			relativePath = Packages/PluginTimestampConverter;
		};
		C14B73F22D03664F702DB80C /* XCLocalSwiftPackageReference "Packages/PluginTextDiff" */ = {
			isa = XCLocalSwiftPackageReference;
			relativePath = Packages/PluginTextDiff;
		};
		C63FF3099BD8A9E65C95A8CA /* XCLocalSwiftPackageReference "Packages/PluginKillProcess" */ = {
			isa = XCLocalSwiftPackageReference;
			relativePath = Packages/PluginKillProcess;
		};
		C7A18CB8FEE77FB273FB9DA8 /* XCLocalSwiftPackageReference "Packages/PluginCalculator" */ = {
			isa = XCLocalSwiftPackageReference;
			relativePath = Packages/PluginCalculator;
		};
		C85CDD358764B6ECD54009D2 /* XCLocalSwiftPackageReference "Packages/PluginNetworkTools" */ = {
			isa = XCLocalSwiftPackageReference;
			relativePath = Packages/PluginNetworkTools;
		};
		CE3B7FBB5698B3FDB380CCC8 /* XCLocalSwiftPackageReference "Packages/PluginSystemMonitor" */ = {
			isa = XCLocalSwiftPackageReference;
			relativePath = Packages/PluginSystemMonitor;
		};
		E5A5094E6A2612667FBC9FA8 /* XCLocalSwiftPackageReference "Packages/PluginOCR" */ = {
			isa = XCLocalSwiftPackageReference;
			relativePath = Packages/PluginOCR;
		};
		EEB589FAB59023A4A81C800A /* XCLocalSwiftPackageReference "Packages/PluginSnippets" */ = {
			isa = XCLocalSwiftPackageReference;
			relativePath = Packages/PluginSnippets;
		};
		FB6A266D9B8E48339AD35B3F /* XCLocalSwiftPackageReference "Packages/PluginColorCompare" */ = {
			isa = XCLocalSwiftPackageReference;
			relativePath = Packages/PluginColorCompare;
		};
/* End XCLocalSwiftPackageReference section */

/* Begin XCSwiftPackageProductDependency section */
		0051A1A787E875EA7BE5A614 /* PluginColorCompare */ = {
			isa = XCSwiftPackageProductDependency;
			productName = PluginColorCompare;
		};
		0158B63D69632B31FBFE46A0 /* PluginNotes */ = {
			isa = XCSwiftPackageProductDependency;
			productName = PluginNotes;
		};
		0F74B10CDA2C6AF373813DB4 /* PluginHashCalculator */ = {
			isa = XCSwiftPackageProductDependency;
			productName = PluginHashCalculator;
		};
		101707495A6AF30BDD48497F /* PluginLauncher */ = {
			isa = XCSwiftPackageProductDependency;
			productName = PluginLauncher;
		};
		14C604C793BB19FA72FF5B6D /* PluginCalendar */ = {
			isa = XCSwiftPackageProductDependency;
			productName = PluginCalendar;
		};
		1B94608C8CFE671C17CCDBC7 /* PluginFileSearch */ = {
			isa = XCSwiftPackageProductDependency;
			productName = PluginFileSearch;
		};
		1FFF450730B0758258EE887F /* PluginSQLFormatter */ = {
			isa = XCSwiftPackageProductDependency;
			productName = PluginSQLFormatter;
		};
		2AF1D69FA23DA7FFF37FAA7E /* PluginUUIDGenerator */ = {
			isa = XCSwiftPackageProductDependency;
			productName = PluginUUIDGenerator;
		};
		2E35DDAF3712336ED4C40854 /* PluginJSONFormatter */ = {
			isa = XCSwiftPackageProductDependency;
			productName = PluginJSONFormatter;
		};
		48089A1880F9BC5977EFE119 /* PluginTimestampConverter */ = {
			isa = XCSwiftPackageProductDependency;
			productName = PluginTimestampConverter;
		};
		5DB0A80DC50B7C3B8F6D1DAF /* QuickCore */ = {
			isa = XCSwiftPackageProductDependency;
			productName = QuickCore;
		};
		6265A8A2D1FC70626C2DACA6 /* PluginKillProcess */ = {
			isa = XCSwiftPackageProductDependency;
			productName = PluginKillProcess;
		};
		6CD2506177A0FE1A48FB4D96 /* PluginMarkdownPreview */ = {
			isa = XCSwiftPackageProductDependency;
			productName = PluginMarkdownPreview;
		};
		730276E735A178193257030B /* PluginSystemMonitor */ = {
			isa = XCSwiftPackageProductDependency;
			productName = PluginSystemMonitor;
		};
		783AEBF3F1FAE829DCAFC004 /* QuickUI */ = {
			isa = XCSwiftPackageProductDependency;
			productName = QuickUI;
		};
		7E26B93AF39A58B145948CCE /* PluginNetworkTools */ = {
			isa = XCSwiftPackageProductDependency;
			productName = PluginNetworkTools;
		};
		892814393E695508914504C9 /* PluginCalculator */ = {
			isa = XCSwiftPackageProductDependency;
			productName = PluginCalculator;
		};
		8EBC8865C1DE63B00ECE5D14 /* PluginBase64Codec */ = {
			isa = XCSwiftPackageProductDependency;
			productName = PluginBase64Codec;
		};
		8F56EC8E050625C22BC8D67D /* PluginOCR */ = {
			isa = XCSwiftPackageProductDependency;
			productName = PluginOCR;
		};
		94AAA82063614DB0D0F9D16A /* PluginScreenshot */ = {
			isa = XCSwiftPackageProductDependency;
			productName = PluginScreenshot;
		};
		967C96E3F4CC521690436415 /* PluginClipboard */ = {
			isa = XCSwiftPackageProductDependency;
			productName = PluginClipboard;
		};
		A55EC642F7A5A977D30FB60D /* PluginAI */ = {
			isa = XCSwiftPackageProductDependency;
			productName = PluginAI;
		};
		CA41B567971AB8CE0445F5C7 /* PluginTranslator */ = {
			isa = XCSwiftPackageProductDependency;
			productName = PluginTranslator;
		};
		D67A514737047D5B9925EA48 /* PluginTextDiff */ = {
			isa = XCSwiftPackageProductDependency;
			productName = PluginTextDiff;
		};
		E01449FAF7BA101578F06AF4 /* PluginSnippets */ = {
			isa = XCSwiftPackageProductDependency;
			productName = PluginSnippets;
		};
		EB1FAFFF92FB2D709E88377F /* QuickPlatform */ = {
			isa = XCSwiftPackageProductDependency;
			productName = QuickPlatform;
		};
		F60EBFA34FFC8FDDF0CB8678 /* PluginURLCodec */ = {
			isa = XCSwiftPackageProductDependency;
			productName = PluginURLCodec;
		};
		F6EF76EEC6647C0CF9D9325A /* PluginSystemControl */ = {
			isa = XCSwiftPackageProductDependency;
			productName = PluginSystemControl;
		};
/* End XCSwiftPackageProductDependency section */
	};
	rootObject = 035C940917D197A3E5C17191 /* Project object */;
}
